/home/tchari/counts/hagai_lps/25119_4
/home/tchari/counts/hagai_lps/24728_6
/home/tchari/counts/hagai_lps/24754_6
/home/tchari/counts/hagai_lps/25119_2
/home/tchari/counts/hagai_lps/24754_8
/home/tchari/counts/hagai_lps/25119_1
/home/tchari/counts/hagai_lps/24754_7
/home/tchari/counts/hagai_lps/25119_3
/home/tchari/counts/hagai_lps/25119_4_S1_L001_R1_001.fastq.gz
/home/tchari/counts/hagai_lps/25119_4_S1_L001_R2_001.fastq.gz
/home/tchari/counts/hagai_lps/24728_6_S1_L001_R1_001.fastq.gz
/home/tchari/counts/hagai_lps/24728_6_S1_L001_R2_001.fastq.gz
/home/tchari/counts/hagai_lps/24754_6_S1_L001_R1_001.fastq.gz
/home/tchari/counts/hagai_lps/24754_6_S1_L001_R2_001.fastq.gz
/home/tchari/counts/hagai_lps/25119_2_S1_L001_R1_001.fastq.gz
/home/tchari/counts/hagai_lps/25119_2_S1_L001_R2_001.fastq.gz
/home/tchari/counts/hagai_lps/24754_8_S1_L001_R1_001.fastq.gz
/home/tchari/counts/hagai_lps/24754_8_S1_L001_R2_001.fastq.gz
/home/tchari/counts/hagai_lps/25119_1_S1_L001_R1_001.fastq.gz
/home/tchari/counts/hagai_lps/25119_1_S1_L001_R2_001.fastq.gz
/home/tchari/counts/hagai_lps/24754_7_S1_L001_R1_001.fastq.gz
/home/tchari/counts/hagai_lps/24754_7_S1_L001_R2_001.fastq.gz
/home/tchari/counts/hagai_lps/25119_3_S1_L001_R1_001.fastq.gz
/home/tchari/counts/hagai_lps/25119_3_S1_L001_R2_001.fastq.gz
