/home/tchari/counts/hagai_lps/24754_7
/home/tchari/counts/hagai_lps/25119_3
/home/tchari/counts/hagai_lps/25119_4
/home/tchari/counts/hagai_lps/24728_6
/home/tchari/counts/hagai_lps/24754_6
/home/tchari/counts/hagai_lps/25119_2
/home/tchari/counts/hagai_lps/24754_8
/home/tchari/counts/hagai_lps/25119_1
